
Microsoft Visual Studio Solution File, Format Version 12.00
# Visual Studio 15
VisualStudioVersion = 15.0.26403.7
MinimumVisualStudioVersion = 10.0.40219.1
Project("{FAE04EC0-301F-11D3-BF4B-00C04F79EFBC}") = "FanartTv", "FanartTv\FanartTv.csproj", "{962ACCAA-ADCD-431F-A4FF-4B7588B5FD89}"
EndProject
Project("{FAE04EC0-301F-11D3-BF4B-00C04F79EFBC}") = "Movie Scrapper", "Movie Scrapper\Movie Scrapper.csproj", "{5609CB96-F97D-474C-AE1E-E9F49DD7E8A2}"
EndProject
Project("{FAE04EC0-301F-11D3-BF4B-00C04F79EFBC}") = "Import TV Shows", "Import TV Shows\Import TV Shows.csproj", "{1AA397F1-DB52-45F9-8FAB-7112B3A2298B}"
EndProject
Global
	GlobalSection(SolutionConfigurationPlatforms) = preSolution
		Debug Launchbox|Any CPU = Debug Launchbox|Any CPU
		Debug|Any CPU = Debug|Any CPU
		Release|Any CPU = Release|Any CPU
	EndGlobalSection
	GlobalSection(ProjectConfigurationPlatforms) = postSolution
		{962ACCAA-ADCD-431F-A4FF-4B7588B5FD89}.Debug Launchbox|Any CPU.ActiveCfg = Debug|Any CPU
		{962ACCAA-ADCD-431F-A4FF-4B7588B5FD89}.Debug Launchbox|Any CPU.Build.0 = Debug|Any CPU
		{962ACCAA-ADCD-431F-A4FF-4B7588B5FD89}.Debug|Any CPU.ActiveCfg = Debug|Any CPU
		{962ACCAA-ADCD-431F-A4FF-4B7588B5FD89}.Debug|Any CPU.Build.0 = Debug|Any CPU
		{962ACCAA-ADCD-431F-A4FF-4B7588B5FD89}.Release|Any CPU.ActiveCfg = Release|Any CPU
		{962ACCAA-ADCD-431F-A4FF-4B7588B5FD89}.Release|Any CPU.Build.0 = Release|Any CPU
		{5609CB96-F97D-474C-AE1E-E9F49DD7E8A2}.Debug Launchbox|Any CPU.ActiveCfg = Debug Launchbox|Any CPU
		{5609CB96-F97D-474C-AE1E-E9F49DD7E8A2}.Debug Launchbox|Any CPU.Build.0 = Debug Launchbox|Any CPU
		{5609CB96-F97D-474C-AE1E-E9F49DD7E8A2}.Debug|Any CPU.ActiveCfg = Debug|Any CPU
		{5609CB96-F97D-474C-AE1E-E9F49DD7E8A2}.Debug|Any CPU.Build.0 = Debug|Any CPU
		{5609CB96-F97D-474C-AE1E-E9F49DD7E8A2}.Release|Any CPU.ActiveCfg = Release|Any CPU
		{5609CB96-F97D-474C-AE1E-E9F49DD7E8A2}.Release|Any CPU.Build.0 = Release|Any CPU
		{1AA397F1-DB52-45F9-8FAB-7112B3A2298B}.Debug Launchbox|Any CPU.ActiveCfg = Debug|Any CPU
		{1AA397F1-DB52-45F9-8FAB-7112B3A2298B}.Debug Launchbox|Any CPU.Build.0 = Debug|Any CPU
		{1AA397F1-DB52-45F9-8FAB-7112B3A2298B}.Debug|Any CPU.ActiveCfg = Debug|Any CPU
		{1AA397F1-DB52-45F9-8FAB-7112B3A2298B}.Debug|Any CPU.Build.0 = Debug|Any CPU
		{1AA397F1-DB52-45F9-8FAB-7112B3A2298B}.Release|Any CPU.ActiveCfg = Release|Any CPU
		{1AA397F1-DB52-45F9-8FAB-7112B3A2298B}.Release|Any CPU.Build.0 = Release|Any CPU
	EndGlobalSection
	GlobalSection(SolutionProperties) = preSolution
		HideSolutionNode = FALSE
	EndGlobalSection
EndGlobal
